
Microsoft Visual Studio Solution File, Format Version 12.00
# Visual Studio Version 17
VisualStudioVersion = 17.8.34511.84
MinimumVisualStudioVersion = 10.0.40219.1
Project("{9A19103F-16F7-4668-BE54-9A1E7A4F7556}") = "AppDouShouQi", "AppDouShouQi\AppDouShouQi.csproj", "{17A9DC08-7DD6-4CF6-81E5-FE30CEF26886}"
EndProject
Project("{9A19103F-16F7-4668-BE54-9A1E7A4F7556}") = "DouShouQiLib", "DouShouQiLib\DouShouQiLib.csproj", "{DF304BE8-B216-4616-99B9-B1394E2D4F7F}"
EndProject
Project("{9A19103F-16F7-4668-BE54-9A1E7A4F7556}") = "DouShouQiConsole", "DouShouQiConsole\DouShouQiConsole.csproj", "{E169E37C-D096-4351-ACDC-5321129D337F}"
EndProject
Project("{9A19103F-16F7-4668-BE54-9A1E7A4F7556}") = "TestDouShouQi", "TestDouShouQi\TestDouShouQi.csproj", "{29631787-A7ED-446B-BCB5-E3AA5D1054BF}"
EndProject
Project("{2150E333-8FDC-42A3-9474-1A3956D46DE8}") = "Tests", "Tests", "{3211FC35-2FCA-4238-84B7-5BCC8A023921}"
EndProject
Project("{FAE04EC0-301F-11D3-BF4B-00C04F79EFBC}") = "DataContractPersist", "DataContractPersist\DataContractPersist.csproj", "{3612CD06-DCE5-41AB-9DFA-85619609A1BF}"
	ProjectSection(ProjectDependencies) = postProject
		{DF304BE8-B216-4616-99B9-B1394E2D4F7F} = {DF304BE8-B216-4616-99B9-B1394E2D4F7F}
	EndProjectSection
EndProject
Project("{FAE04EC0-301F-11D3-BF4B-00C04F79EFBC}") = "StubPackage", "StubPackage\StubPackage.csproj", "{4C1BF7C0-A51E-4BC6-9ADC-029249E38E02}"
EndProject
Global
	GlobalSection(SolutionConfigurationPlatforms) = preSolution
		Debug|Any CPU = Debug|Any CPU
		Release|Any CPU = Release|Any CPU
	EndGlobalSection
	GlobalSection(ProjectConfigurationPlatforms) = postSolution
		{17A9DC08-7DD6-4CF6-81E5-FE30CEF26886}.Debug|Any CPU.ActiveCfg = Debug|Any CPU
		{17A9DC08-7DD6-4CF6-81E5-FE30CEF26886}.Debug|Any CPU.Build.0 = Debug|Any CPU
		{17A9DC08-7DD6-4CF6-81E5-FE30CEF26886}.Debug|Any CPU.Deploy.0 = Debug|Any CPU
		{17A9DC08-7DD6-4CF6-81E5-FE30CEF26886}.Release|Any CPU.ActiveCfg = Release|Any CPU
		{17A9DC08-7DD6-4CF6-81E5-FE30CEF26886}.Release|Any CPU.Build.0 = Release|Any CPU
		{17A9DC08-7DD6-4CF6-81E5-FE30CEF26886}.Release|Any CPU.Deploy.0 = Release|Any CPU
		{DF304BE8-B216-4616-99B9-B1394E2D4F7F}.Debug|Any CPU.ActiveCfg = Debug|Any CPU
		{DF304BE8-B216-4616-99B9-B1394E2D4F7F}.Debug|Any CPU.Build.0 = Debug|Any CPU
		{DF304BE8-B216-4616-99B9-B1394E2D4F7F}.Release|Any CPU.ActiveCfg = Release|Any CPU
		{DF304BE8-B216-4616-99B9-B1394E2D4F7F}.Release|Any CPU.Build.0 = Release|Any CPU
		{E169E37C-D096-4351-ACDC-5321129D337F}.Debug|Any CPU.ActiveCfg = Debug|Any CPU
		{E169E37C-D096-4351-ACDC-5321129D337F}.Debug|Any CPU.Build.0 = Debug|Any CPU
		{E169E37C-D096-4351-ACDC-5321129D337F}.Release|Any CPU.ActiveCfg = Release|Any CPU
		{E169E37C-D096-4351-ACDC-5321129D337F}.Release|Any CPU.Build.0 = Release|Any CPU
		{29631787-A7ED-446B-BCB5-E3AA5D1054BF}.Debug|Any CPU.ActiveCfg = Debug|Any CPU
		{29631787-A7ED-446B-BCB5-E3AA5D1054BF}.Debug|Any CPU.Build.0 = Debug|Any CPU
		{29631787-A7ED-446B-BCB5-E3AA5D1054BF}.Release|Any CPU.ActiveCfg = Release|Any CPU
		{29631787-A7ED-446B-BCB5-E3AA5D1054BF}.Release|Any CPU.Build.0 = Release|Any CPU
		{3612CD06-DCE5-41AB-9DFA-85619609A1BF}.Debug|Any CPU.ActiveCfg = Debug|Any CPU
		{3612CD06-DCE5-41AB-9DFA-85619609A1BF}.Debug|Any CPU.Build.0 = Debug|Any CPU
		{3612CD06-DCE5-41AB-9DFA-85619609A1BF}.Release|Any CPU.ActiveCfg = Release|Any CPU
		{3612CD06-DCE5-41AB-9DFA-85619609A1BF}.Release|Any CPU.Build.0 = Release|Any CPU
		{4C1BF7C0-A51E-4BC6-9ADC-029249E38E02}.Debug|Any CPU.ActiveCfg = Debug|Any CPU
		{4C1BF7C0-A51E-4BC6-9ADC-029249E38E02}.Debug|Any CPU.Build.0 = Debug|Any CPU
		{4C1BF7C0-A51E-4BC6-9ADC-029249E38E02}.Release|Any CPU.ActiveCfg = Release|Any CPU
		{4C1BF7C0-A51E-4BC6-9ADC-029249E38E02}.Release|Any CPU.Build.0 = Release|Any CPU
	EndGlobalSection
	GlobalSection(SolutionProperties) = preSolution
		HideSolutionNode = FALSE
	EndGlobalSection
	GlobalSection(NestedProjects) = preSolution
		{29631787-A7ED-446B-BCB5-E3AA5D1054BF} = {3211FC35-2FCA-4238-84B7-5BCC8A023921}
	EndGlobalSection
	GlobalSection(ExtensibilityGlobals) = postSolution
		SolutionGuid = {15481977-7F57-4FB7-A06A-D2C1F32D4514}
	EndGlobalSection
EndGlobal
